// !$*UTF8*$!
{
	archiveVersion = 1;
	classes = {
	};
	objectVersion = 55;
	objects = {

/* Begin PBXBuildFile section */
		604FD99127BCEFEA00D28117 /* AppDelegate.swift in Sources */ = {isa = PBXBuildFile; fileRef = 604FD99027BCEFEA00D28117 /* AppDelegate.swift */; };
		604FD99327BCEFEA00D28117 /* SceneDelegate.swift in Sources */ = {isa = PBXBuildFile; fileRef = 604FD99227BCEFEA00D28117 /* SceneDelegate.swift */; };
		604FD99A27BCEFEB00D28117 /* Assets.xcassets in Resources */ = {isa = PBXBuildFile; fileRef = 604FD99927BCEFEB00D28117 /* Assets.xcassets */; };
		604FD99D27BCEFEB00D28117 /* LaunchScreen.storyboard in Resources */ = {isa = PBXBuildFile; fileRef = 604FD99B27BCEFEB00D28117 /* LaunchScreen.storyboard */; };
		604FD9A527BD173200D28117 /* SearchVC.swift in Sources */ = {isa = PBXBuildFile; fileRef = 604FD9A427BD173200D28117 /* SearchVC.swift */; };
		604FD9A727BD179F00D28117 /* FavoritesListVC.swift in Sources */ = {isa = PBXBuildFile; fileRef = 604FD9A627BD179F00D28117 /* FavoritesListVC.swift */; };
		604FD9A927BD7A6400D28117 /* GFButton.swift in Sources */ = {isa = PBXBuildFile; fileRef = 604FD9A827BD7A6400D28117 /* GFButton.swift */; };
		604FD9AB27BD7E8100D28117 /* GFTextField.swift in Sources */ = {isa = PBXBuildFile; fileRef = 604FD9AA27BD7E8100D28117 /* GFTextField.swift */; };
		6065700827C56D4B00818AF0 /* NetworkManagers.swift in Sources */ = {isa = PBXBuildFile; fileRef = 6065700727C56D4B00818AF0 /* NetworkManagers.swift */; };
		60AB41C827BFD0C000A7B18A /* FollowerListVC.swift in Sources */ = {isa = PBXBuildFile; fileRef = 60AB41C727BFD0C000A7B18A /* FollowerListVC.swift */; };
		60AB41CA27BFE0B700A7B18A /* GFTitleLable.swift in Sources */ = {isa = PBXBuildFile; fileRef = 60AB41C927BFE0B700A7B18A /* GFTitleLable.swift */; };
		60AB41CC27BFE64800A7B18A /* GFBodyLable.swift in Sources */ = {isa = PBXBuildFile; fileRef = 60AB41CB27BFE64800A7B18A /* GFBodyLable.swift */; };
		60AB41CE27C0282200A7B18A /* GFAlertVC.swift in Sources */ = {isa = PBXBuildFile; fileRef = 60AB41CD27C0282200A7B18A /* GFAlertVC.swift */; };
		60AB41D027C03B6D00A7B18A /* UIViewController + Ext.swift in Sources */ = {isa = PBXBuildFile; fileRef = 60AB41CF27C03B6D00A7B18A /* UIViewController + Ext.swift */; };
		60B3052F27C65A0200C88DB1 /* GFError.swift in Sources */ = {isa = PBXBuildFile; fileRef = 60B3052E27C65A0200C88DB1 /* GFError.swift */; };
		60C1A73E27C29C0B0032E1BF /* Follower.swift in Sources */ = {isa = PBXBuildFile; fileRef = 60C1A73D27C29C0B0032E1BF /* Follower.swift */; };
		60C1A74027C29DF70032E1BF /* User.swift in Sources */ = {isa = PBXBuildFile; fileRef = 60C1A73F27C29DF70032E1BF /* User.swift */; };
/* End PBXBuildFile section */

/* Begin PBXFileReference section */
		604FD98D27BCEFEA00D28117 /* GitHub Followers.app */ = {isa = PBXFileReference; explicitFileType = wrapper.application; includeInIndex = 0; path = "GitHub Followers.app"; sourceTree = BUILT_PRODUCTS_DIR; };
		604FD99027BCEFEA00D28117 /* AppDelegate.swift */ = {isa = PBXFileReference; lastKnownFileType = sourcecode.swift; path = AppDelegate.swift; sourceTree = "<group>"; };
		604FD99227BCEFEA00D28117 /* SceneDelegate.swift */ = {isa = PBXFileReference; lastKnownFileType = sourcecode.swift; path = SceneDelegate.swift; sourceTree = "<group>"; };
		604FD99927BCEFEB00D28117 /* Assets.xcassets */ = {isa = PBXFileReference; lastKnownFileType = folder.assetcatalog; path = Assets.xcassets; sourceTree = "<group>"; };
		604FD99C27BCEFEB00D28117 /* Base */ = {isa = PBXFileReference; lastKnownFileType = file.storyboard; name = Base; path = Base.lproj/LaunchScreen.storyboard; sourceTree = "<group>"; };
		604FD9A427BD173200D28117 /* SearchVC.swift */ = {isa = PBXFileReference; lastKnownFileType = sourcecode.swift; path = SearchVC.swift; sourceTree = "<group>"; };
		604FD9A627BD179F00D28117 /* FavoritesListVC.swift */ = {isa = PBXFileReference; lastKnownFileType = sourcecode.swift; path = FavoritesListVC.swift; sourceTree = "<group>"; };
		604FD9A827BD7A6400D28117 /* GFButton.swift */ = {isa = PBXFileReference; lastKnownFileType = sourcecode.swift; path = GFButton.swift; sourceTree = "<group>"; };
		604FD9AA27BD7E8100D28117 /* GFTextField.swift */ = {isa = PBXFileReference; lastKnownFileType = sourcecode.swift; path = GFTextField.swift; sourceTree = "<group>"; };
		6065700727C56D4B00818AF0 /* NetworkManagers.swift */ = {isa = PBXFileReference; lastKnownFileType = sourcecode.swift; path = NetworkManagers.swift; sourceTree = "<group>"; };
		60AB41C727BFD0C000A7B18A /* FollowerListVC.swift */ = {isa = PBXFileReference; lastKnownFileType = sourcecode.swift; path = FollowerListVC.swift; sourceTree = "<group>"; };
		60AB41C927BFE0B700A7B18A /* GFTitleLable.swift */ = {isa = PBXFileReference; lastKnownFileType = sourcecode.swift; path = GFTitleLable.swift; sourceTree = "<group>"; };
		60AB41CB27BFE64800A7B18A /* GFBodyLable.swift */ = {isa = PBXFileReference; lastKnownFileType = sourcecode.swift; path = GFBodyLable.swift; sourceTree = "<group>"; };
		60AB41CD27C0282200A7B18A /* GFAlertVC.swift */ = {isa = PBXFileReference; lastKnownFileType = sourcecode.swift; path = GFAlertVC.swift; sourceTree = "<group>"; };
		60AB41CF27C03B6D00A7B18A /* UIViewController + Ext.swift */ = {isa = PBXFileReference; lastKnownFileType = sourcecode.swift; path = "UIViewController + Ext.swift"; sourceTree = "<group>"; };
		60B3052E27C65A0200C88DB1 /* GFError.swift */ = {isa = PBXFileReference; lastKnownFileType = sourcecode.swift; path = GFError.swift; sourceTree = "<group>"; };
		60C1A73D27C29C0B0032E1BF /* Follower.swift */ = {isa = PBXFileReference; lastKnownFileType = sourcecode.swift; path = Follower.swift; sourceTree = "<group>"; };
		60C1A73F27C29DF70032E1BF /* User.swift */ = {isa = PBXFileReference; lastKnownFileType = sourcecode.swift; path = User.swift; sourceTree = "<group>"; };
		60C1A74527C2CFA10032E1BF /* Info.plist */ = {isa = PBXFileReference; fileEncoding = 4; lastKnownFileType = text.plist.xml; path = Info.plist; sourceTree = "<group>"; };
/* End PBXFileReference section */

/* Begin PBXFrameworksBuildPhase section */
		604FD98A27BCEFEA00D28117 /* Frameworks */ = {
			isa = PBXFrameworksBuildPhase;
			buildActionMask = 2147483647;
			files = (
			);
			runOnlyForDeploymentPostprocessing = 0;
		};
/* End PBXFrameworksBuildPhase section */

/* Begin PBXGroup section */
		604FD98427BCEFEA00D28117 = {
			isa = PBXGroup;
			children = (
				604FD98F27BCEFEA00D28117 /* GitHub Followers */,
				604FD98E27BCEFEA00D28117 /* Products */,
			);
			sourceTree = "<group>";
		};
		604FD98E27BCEFEA00D28117 /* Products */ = {
			isa = PBXGroup;
			children = (
				604FD98D27BCEFEA00D28117 /* GitHub Followers.app */,
			);
			name = Products;
			sourceTree = "<group>";
		};
		604FD98F27BCEFEA00D28117 /* GitHub Followers */ = {
			isa = PBXGroup;
			children = (
				60B3052D27C659AE00C88DB1 /* Utilities */,
				6065700627C56D1400818AF0 /* Managers */,
				60C1A73C27C29BE60032E1BF /* Model */,
				60C38E9927C0F4EA001A5FFF /* Extensions */,
				60C38E9827C0F456001A5FFF /* Custom Views */,
				60C38E9727C0F3D7001A5FFF /* Screens */,
				60C38E9A27C0F584001A5FFF /* Support */,
				60C1A74527C2CFA10032E1BF /* Info.plist */,
			);
			path = "GitHub Followers";
			sourceTree = "<group>";
		};
		6065700627C56D1400818AF0 /* Managers */ = {
			isa = PBXGroup;
			children = (
				6065700727C56D4B00818AF0 /* NetworkManagers.swift */,
			);
			path = Managers;
			sourceTree = "<group>";
		};
		60B3052D27C659AE00C88DB1 /* Utilities */ = {
			isa = PBXGroup;
			children = (
				60B3052E27C65A0200C88DB1 /* GFError.swift */,
			);
			path = Utilities;
			sourceTree = "<group>";
		};
		60C1A73C27C29BE60032E1BF /* Model */ = {
			isa = PBXGroup;
			children = (
				60C1A73D27C29C0B0032E1BF /* Follower.swift */,
				60C1A73F27C29DF70032E1BF /* User.swift */,
			);
			path = Model;
			sourceTree = "<group>";
		};
		60C38E9727C0F3D7001A5FFF /* Screens */ = {
			isa = PBXGroup;
			children = (
				604FD9A427BD173200D28117 /* SearchVC.swift */,
				60AB41C727BFD0C000A7B18A /* FollowerListVC.swift */,
				604FD9A627BD179F00D28117 /* FavoritesListVC.swift */,
			);
			path = Screens;
			sourceTree = "<group>";
		};
		60C38E9827C0F456001A5FFF /* Custom Views */ = {
			isa = PBXGroup;
			children = (
				604FD9A827BD7A6400D28117 /* GFButton.swift */,
				604FD9AA27BD7E8100D28117 /* GFTextField.swift */,
				60AB41C927BFE0B700A7B18A /* GFTitleLable.swift */,
				60AB41CB27BFE64800A7B18A /* GFBodyLable.swift */,
				60AB41CD27C0282200A7B18A /* GFAlertVC.swift */,
			);
			path = "Custom Views";
			sourceTree = "<group>";
		};
		60C38E9927C0F4EA001A5FFF /* Extensions */ = {
			isa = PBXGroup;
			children = (
				60AB41CF27C03B6D00A7B18A /* UIViewController + Ext.swift */,
			);
			path = Extensions;
			sourceTree = "<group>";
		};
		60C38E9A27C0F584001A5FFF /* Support */ = {
			isa = PBXGroup;
			children = (
				604FD99027BCEFEA00D28117 /* AppDelegate.swift */,
				604FD99227BCEFEA00D28117 /* SceneDelegate.swift */,
				604FD99927BCEFEB00D28117 /* Assets.xcassets */,
				604FD99B27BCEFEB00D28117 /* LaunchScreen.storyboard */,
			);
			path = Support;
			sourceTree = "<group>";
		};
/* End PBXGroup section */

/* Begin PBXNativeTarget section */
		604FD98C27BCEFEA00D28117 /* GitHub Followers */ = {
			isa = PBXNativeTarget;
			buildConfigurationList = 604FD9A127BCEFEB00D28117 /* Build configuration list for PBXNativeTarget "GitHub Followers" */;
			buildPhases = (
				604FD98927BCEFEA00D28117 /* Sources */,
				604FD98A27BCEFEA00D28117 /* Frameworks */,
				604FD98B27BCEFEA00D28117 /* Resources */,
			);
			buildRules = (
			);
			dependencies = (
			);
			name = "GitHub Followers";
			productName = "GitHub Followers";
			productReference = 604FD98D27BCEFEA00D28117 /* GitHub Followers.app */;
			productType = "com.apple.product-type.application";
		};
/* End PBXNativeTarget section */

/* Begin PBXProject section */
		604FD98527BCEFEA00D28117 /* Project object */ = {
			isa = PBXProject;
			attributes = {
				BuildIndependentTargetsInParallel = 1;
				LastSwiftUpdateCheck = 1320;
				LastUpgradeCheck = 1320;
				TargetAttributes = {
					604FD98C27BCEFEA00D28117 = {
						CreatedOnToolsVersion = 13.2.1;
					};
				};
			};
			buildConfigurationList = 604FD98827BCEFEA00D28117 /* Build configuration list for PBXProject "GitHub Followers" */;
			compatibilityVersion = "Xcode 13.0";
			developmentRegion = en;
			hasScannedForEncodings = 0;
			knownRegions = (
				en,
				Base,
			);
			mainGroup = 604FD98427BCEFEA00D28117;
			productRefGroup = 604FD98E27BCEFEA00D28117 /* Products */;
			projectDirPath = "";
			projectRoot = "";
			targets = (
				604FD98C27BCEFEA00D28117 /* GitHub Followers */,
			);
		};
/* End PBXProject section */

/* Begin PBXResourcesBuildPhase section */
		604FD98B27BCEFEA00D28117 /* Resources */ = {
			isa = PBXResourcesBuildPhase;
			buildActionMask = 2147483647;
			files = (
				604FD99D27BCEFEB00D28117 /* LaunchScreen.storyboard in Resources */,
				604FD99A27BCEFEB00D28117 /* Assets.xcassets in Resources */,
			);
			runOnlyForDeploymentPostprocessing = 0;
		};
/* End PBXResourcesBuildPhase section */

/* Begin PBXSourcesBuildPhase section */
		604FD98927BCEFEA00D28117 /* Sources */ = {
			isa = PBXSourcesBuildPhase;
			buildActionMask = 2147483647;
			files = (
				60C1A74027C29DF70032E1BF /* User.swift in Sources */,
				604FD9AB27BD7E8100D28117 /* GFTextField.swift in Sources */,
				60AB41CC27BFE64800A7B18A /* GFBodyLable.swift in Sources */,
				60AB41D027C03B6D00A7B18A /* UIViewController + Ext.swift in Sources */,
				604FD9A727BD179F00D28117 /* FavoritesListVC.swift in Sources */,
				604FD9A927BD7A6400D28117 /* GFButton.swift in Sources */,
				60AB41CE27C0282200A7B18A /* GFAlertVC.swift in Sources */,
				60B3052F27C65A0200C88DB1 /* GFError.swift in Sources */,
				604FD9A527BD173200D28117 /* SearchVC.swift in Sources */,
				60C1A73E27C29C0B0032E1BF /* Follower.swift in Sources */,
				60AB41CA27BFE0B700A7B18A /* GFTitleLable.swift in Sources */,
				6065700827C56D4B00818AF0 /* NetworkManagers.swift in Sources */,
				60AB41C827BFD0C000A7B18A /* FollowerListVC.swift in Sources */,
				604FD99127BCEFEA00D28117 /* AppDelegate.swift in Sources */,
				604FD99327BCEFEA00D28117 /* SceneDelegate.swift in Sources */,
			);
			runOnlyForDeploymentPostprocessing = 0;
		};
/* End PBXSourcesBuildPhase section */

/* Begin PBXVariantGroup section */
		604FD99B27BCEFEB00D28117 /* LaunchScreen.storyboard */ = {
			isa = PBXVariantGroup;
			children = (
				604FD99C27BCEFEB00D28117 /* Base */,
			);
			name = LaunchScreen.storyboard;
			sourceTree = "<group>";
		};
/* End PBXVariantGroup section */

/* Begin XCBuildConfiguration section */
		604FD99F27BCEFEB00D28117 /* Debug */ = {
			isa = XCBuildConfiguration;
			buildSettings = {
				ALWAYS_SEARCH_USER_PATHS = NO;
				CLANG_ANALYZER_NONNULL = YES;
				CLANG_ANALYZER_NUMBER_OBJECT_CONVERSION = YES_AGGRESSIVE;
				CLANG_CXX_LANGUAGE_STANDARD = "gnu++17";
				CLANG_CXX_LIBRARY = "libc++";
				CLANG_ENABLE_MODULES = YES;
				CLANG_ENABLE_OBJC_ARC = YES;
				CLANG_ENABLE_OBJC_WEAK = YES;
				CLANG_WARN_BLOCK_CAPTURE_AUTORELEASING = YES;
				CLANG_WARN_BOOL_CONVERSION = YES;
				CLANG_WARN_COMMA = YES;
				CLANG_WARN_CONSTANT_CONVERSION = YES;
				CLANG_WARN_DEPRECATED_OBJC_IMPLEMENTATIONS = YES;
				CLANG_WARN_DIRECT_OBJC_ISA_USAGE = YES_ERROR;
				CLANG_WARN_DOCUMENTATION_COMMENTS = YES;
				CLANG_WARN_EMPTY_BODY = YES;
				CLANG_WARN_ENUM_CONVERSION = YES;
				CLANG_WARN_INFINITE_RECURSION = YES;
				CLANG_WARN_INT_CONVERSION = YES;
				CLANG_WARN_NON_LITERAL_NULL_CONVERSION = YES;
				CLANG_WARN_OBJC_IMPLICIT_RETAIN_SELF = YES;
				CLANG_WARN_OBJC_LITERAL_CONVERSION = YES;
				CLANG_WARN_OBJC_ROOT_CLASS = YES_ERROR;
				CLANG_WARN_QUOTED_INCLUDE_IN_FRAMEWORK_HEADER = YES;
				CLANG_WARN_RANGE_LOOP_ANALYSIS = YES;
				CLANG_WARN_STRICT_PROTOTYPES = YES;
				CLANG_WARN_SUSPICIOUS_MOVE = YES;
				CLANG_WARN_UNGUARDED_AVAILABILITY = YES_AGGRESSIVE;
				CLANG_WARN_UNREACHABLE_CODE = YES;
				CLANG_WARN__DUPLICATE_METHOD_MATCH = YES;
				COPY_PHASE_STRIP = NO;
				DEBUG_INFORMATION_FORMAT = dwarf;
				ENABLE_STRICT_OBJC_MSGSEND = YES;
				ENABLE_TESTABILITY = YES;
				GCC_C_LANGUAGE_STANDARD = gnu11;
				GCC_DYNAMIC_NO_PIC = NO;
				GCC_NO_COMMON_BLOCKS = YES;
				GCC_OPTIMIZATION_LEVEL = 0;
				GCC_PREPROCESSOR_DEFINITIONS = (
					"DEBUG=1",
					"$(inherited)",
				);
				GCC_WARN_64_TO_32_BIT_CONVERSION = YES;
				GCC_WARN_ABOUT_RETURN_TYPE = YES_ERROR;
				GCC_WARN_UNDECLARED_SELECTOR = YES;
				GCC_WARN_UNINITIALIZED_AUTOS = YES_AGGRESSIVE;
				GCC_WARN_UNUSED_FUNCTION = YES;
				GCC_WARN_UNUSED_VARIABLE = YES;
				IPHONEOS_DEPLOYMENT_TARGET = 15.2;
				MTL_ENABLE_DEBUG_INFO = INCLUDE_SOURCE;
				MTL_FAST_MATH = YES;
				ONLY_ACTIVE_ARCH = NO;
				SDKROOT = iphoneos;
				SWIFT_ACTIVE_COMPILATION_CONDITIONS = DEBUG;
				SWIFT_OPTIMIZATION_LEVEL = "-Onone";
			};
			name = Debug;
		};
		604FD9A027BCEFEB00D28117 /* Release */ = {
			isa = XCBuildConfiguration;
			buildSettings = {
				ALWAYS_SEARCH_USER_PATHS = NO;
				CLANG_ANALYZER_NONNULL = YES;
				CLANG_ANALYZER_NUMBER_OBJECT_CONVERSION = YES_AGGRESSIVE;
				CLANG_CXX_LANGUAGE_STANDARD = "gnu++17";
				CLANG_CXX_LIBRARY = "libc++";
				CLANG_ENABLE_MODULES = YES;
				CLANG_ENABLE_OBJC_ARC = YES;
				CLANG_ENABLE_OBJC_WEAK = YES;
				CLANG_WARN_BLOCK_CAPTURE_AUTORELEASING = YES;
				CLANG_WARN_BOOL_CONVERSION = YES;
				CLANG_WARN_COMMA = YES;
				CLANG_WARN_CONSTANT_CONVERSION = YES;
				CLANG_WARN_DEPRECATED_OBJC_IMPLEMENTATIONS = YES;
				CLANG_WARN_DIRECT_OBJC_ISA_USAGE = YES_ERROR;
				CLANG_WARN_DOCUMENTATION_COMMENTS = YES;
				CLANG_WARN_EMPTY_BODY = YES;
				CLANG_WARN_ENUM_CONVERSION = YES;
				CLANG_WARN_INFINITE_RECURSION = YES;
				CLANG_WARN_INT_CONVERSION = YES;
				CLANG_WARN_NON_LITERAL_NULL_CONVERSION = YES;
				CLANG_WARN_OBJC_IMPLICIT_RETAIN_SELF = YES;
				CLANG_WARN_OBJC_LITERAL_CONVERSION = YES;
				CLANG_WARN_OBJC_ROOT_CLASS = YES_ERROR;
				CLANG_WARN_QUOTED_INCLUDE_IN_FRAMEWORK_HEADER = YES;
				CLANG_WARN_RANGE_LOOP_ANALYSIS = YES;
				CLANG_WARN_STRICT_PROTOTYPES = YES;
				CLANG_WARN_SUSPICIOUS_MOVE = YES;
				CLANG_WARN_UNGUARDED_AVAILABILITY = YES_AGGRESSIVE;
				CLANG_WARN_UNREACHABLE_CODE = YES;
				CLANG_WARN__DUPLICATE_METHOD_MATCH = YES;
				COPY_PHASE_STRIP = NO;
				DEBUG_INFORMATION_FORMAT = "dwarf-with-dsym";
				ENABLE_NS_ASSERTIONS = NO;
				ENABLE_STRICT_OBJC_MSGSEND = YES;
				GCC_C_LANGUAGE_STANDARD = gnu11;
				GCC_NO_COMMON_BLOCKS = YES;
				GCC_WARN_64_TO_32_BIT_CONVERSION = YES;
				GCC_WARN_ABOUT_RETURN_TYPE = YES_ERROR;
				GCC_WARN_UNDECLARED_SELECTOR = YES;
				GCC_WARN_UNINITIALIZED_AUTOS = YES_AGGRESSIVE;
				GCC_WARN_UNUSED_FUNCTION = YES;
				GCC_WARN_UNUSED_VARIABLE = YES;
				IPHONEOS_DEPLOYMENT_TARGET = 15.2;
				MTL_ENABLE_DEBUG_INFO = NO;
				MTL_FAST_MATH = YES;
				ONLY_ACTIVE_ARCH = NO;
				SDKROOT = iphoneos;
				SWIFT_COMPILATION_MODE = wholemodule;
				SWIFT_OPTIMIZATION_LEVEL = "-O";
				VALIDATE_PRODUCT = YES;
			};
			name = Release;
		};
		604FD9A227BCEFEB00D28117 /* Debug */ = {
			isa = XCBuildConfiguration;
			buildSettings = {
				ASSETCATALOG_COMPILER_APPICON_NAME = AppIcon;
				ASSETCATALOG_COMPILER_GLOBAL_ACCENT_COLOR_NAME = AccentColor;
				CODE_SIGN_STYLE = Automatic;
				CURRENT_PROJECT_VERSION = 1;
				DEVELOPMENT_TEAM = 52244XZHVN;
				GENERATE_INFOPLIST_FILE = YES;
				INFOPLIST_FILE = "GitHub Followers/Info.plist";
				INFOPLIST_KEY_UIApplicationSupportsIndirectInputEvents = YES;
				INFOPLIST_KEY_UILaunchStoryboardName = LaunchScreen;
				INFOPLIST_KEY_UISupportedInterfaceOrientations_iPad = "UIInterfaceOrientationPortrait UIInterfaceOrientationPortraitUpsideDown UIInterfaceOrientationLandscapeLeft UIInterfaceOrientationLandscapeRight";
				INFOPLIST_KEY_UISupportedInterfaceOrientations_iPhone = "UIInterfaceOrientationPortrait UIInterfaceOrientationLandscapeLeft UIInterfaceOrientationLandscapeRight";
				IPHONEOS_DEPLOYMENT_TARGET = 15.2;
				LD_RUNPATH_SEARCH_PATHS = (
					"$(inherited)",
					"@executable_path/Frameworks",
				);
				MARKETING_VERSION = 1.0;
				PRODUCT_BUNDLE_IDENTIFIER = "co.levchenko.GitHub-Followers";
				PRODUCT_NAME = "$(TARGET_NAME)";
				SWIFT_EMIT_LOC_STRINGS = YES;
				SWIFT_VERSION = 5.0;
				TARGETED_DEVICE_FAMILY = 1;
			};
			name = Debug;
		};
		604FD9A327BCEFEB00D28117 /* Release */ = {
			isa = XCBuildConfiguration;
			buildSettings = {
				ASSETCATALOG_COMPILER_APPICON_NAME = AppIcon;
				ASSETCATALOG_COMPILER_GLOBAL_ACCENT_COLOR_NAME = AccentColor;
				CODE_SIGN_STYLE = Automatic;
				CURRENT_PROJECT_VERSION = 1;
				DEVELOPMENT_TEAM = 52244XZHVN;
				GENERATE_INFOPLIST_FILE = YES;
				INFOPLIST_FILE = "GitHub Followers/Info.plist";
				INFOPLIST_KEY_UIApplicationSupportsIndirectInputEvents = YES;
				INFOPLIST_KEY_UILaunchStoryboardName = LaunchScreen;
				INFOPLIST_KEY_UISupportedInterfaceOrientations_iPad = "UIInterfaceOrientationPortrait UIInterfaceOrientationPortraitUpsideDown UIInterfaceOrientationLandscapeLeft UIInterfaceOrientationLandscapeRight";
				INFOPLIST_KEY_UISupportedInterfaceOrientations_iPhone = "UIInterfaceOrientationPortrait UIInterfaceOrientationLandscapeLeft UIInterfaceOrientationLandscapeRight";
				IPHONEOS_DEPLOYMENT_TARGET = 15.2;
				LD_RUNPATH_SEARCH_PATHS = (
					"$(inherited)",
					"@executable_path/Frameworks",
				);
				MARKETING_VERSION = 1.0;
				PRODUCT_BUNDLE_IDENTIFIER = "co.levchenko.GitHub-Followers";
				PRODUCT_NAME = "$(TARGET_NAME)";
				SWIFT_EMIT_LOC_STRINGS = YES;
				SWIFT_VERSION = 5.0;
				TARGETED_DEVICE_FAMILY = 1;
			};
			name = Release;
		};
/* End XCBuildConfiguration section */

/* Begin XCConfigurationList section */
		604FD98827BCEFEA00D28117 /* Build configuration list for PBXProject "GitHub Followers" */ = {
			isa = XCConfigurationList;
			buildConfigurations = (
				604FD99F27BCEFEB00D28117 /* Debug */,
				604FD9A027BCEFEB00D28117 /* Release */,
			);
			defaultConfigurationIsVisible = 0;
			defaultConfigurationName = Release;
		};
		604FD9A127BCEFEB00D28117 /* Build configuration list for PBXNativeTarget "GitHub Followers" */ = {
			isa = XCConfigurationList;
			buildConfigurations = (
				604FD9A227BCEFEB00D28117 /* Debug */,
				604FD9A327BCEFEB00D28117 /* Release */,
			);
			defaultConfigurationIsVisible = 0;
			defaultConfigurationName = Release;
		};
/* End XCConfigurationList section */
	};
	rootObject = 604FD98527BCEFEA00D28117 /* Project object */;
}
